
Microsoft Visual Studio Solution File, Format Version 12.00
# Visual Studio Version 17
VisualStudioVersion = 17.0.31903.59
MinimumVisualStudioVersion = 10.0.40219.1
Project("{2150E333-8FDC-42A3-9474-1A3956D46DE8}") = "iFx", "iFx", "{6B37085A-FDCC-4C18-AB85-C2BDF98E0C2A}"
EndProject
Project("{FAE04EC0-301F-11D3-BF4B-00C04F79EFBC}") = "Example001.iFx.Service", "iFx\Service\Example001.iFx.Service.csproj", "{E5DB5022-C378-4576-B82E-5B1F980B6223}"
EndProject
Project("{2150E333-8FDC-42A3-9474-1A3956D46DE8}") = "Common", "Common", "{A4F1AC55-B4CD-407D-A5D3-B9F09D827685}"
EndProject
Project("{FAE04EC0-301F-11D3-BF4B-00C04F79EFBC}") = "Example001.Common.Contract", "Common\Contract\Example001.Common.Contract.csproj", "{E28C0C53-6392-4A10-B6AE-100C920E49CB}"
EndProject
Project("{FAE04EC0-301F-11D3-BF4B-00C04F79EFBC}") = "Example001.Common.Policy", "Common\Policy\Example001.Common.Policy.csproj", "{A3DABC70-3752-4B87-9E19-249EB26A28EF}"
EndProject
Project("{FAE04EC0-301F-11D3-BF4B-00C04F79EFBC}") = "Example001.iFx.Hosting.InProc", "iFx\Hosting\InProc\Example001.iFx.Hosting.InProc.csproj", "{263CB20D-5AE2-411D-8805-A517555B9209}"
EndProject
Project("{FAE04EC0-301F-11D3-BF4B-00C04F79EFBC}") = "Example001.iFx.Proxy", "iFx\Proxy\Example001.iFx.Proxy.csproj", "{4A949179-0BEF-46A8-9B1B-2E52FF43E5C4}"
EndProject
Project("{2150E333-8FDC-42A3-9474-1A3956D46DE8}") = "Host", "Host", "{49A4A43F-CEF4-4BE2-A330-BFF8748591D2}"
EndProject
Project("{FAE04EC0-301F-11D3-BF4B-00C04F79EFBC}") = "Example001.Host.InProc", "Host\InProc\Example001.Host.InProc.csproj", "{8DE895BF-7C06-452C-BBBC-5CB3B41B97D9}"
EndProject
Project("{2150E333-8FDC-42A3-9474-1A3956D46DE8}") = "Component", "Component", "{48D2CB6B-D9C3-431A-8E06-7E4464231BBE}"
EndProject
Project("{2150E333-8FDC-42A3-9474-1A3956D46DE8}") = "Manager", "Manager", "{DA9BC31C-FF2E-4733-96B8-235CD4F94F7E}"
EndProject
Project("{2150E333-8FDC-42A3-9474-1A3956D46DE8}") = "Membership", "Membership", "{B80B4DF4-0CF7-4BBB-A517-D3A906BD7EF7}"
EndProject
Project("{FAE04EC0-301F-11D3-BF4B-00C04F79EFBC}") = "Example001.Manager.Membership.Interface", "Component\Manager\Membership\Interface\Example001.Manager.Membership.Interface.csproj", "{4309B2A5-E675-4862-B45B-36FFC42D782B}"
EndProject
Project("{FAE04EC0-301F-11D3-BF4B-00C04F79EFBC}") = "Example001.Manager.Membership.Service", "Component\Manager\Membership\Service\Example001.Manager.Membership.Service.csproj", "{FEB2DBF0-E137-4C9D-8EEF-AD1501D34459}"
EndProject
Project("{2150E333-8FDC-42A3-9474-1A3956D46DE8}") = "Access", "Access", "{BF3C9668-C6D8-490F-A67A-057CF348160E}"
EndProject
Project("{2150E333-8FDC-42A3-9474-1A3956D46DE8}") = "Customer", "Customer", "{05081461-A408-4CD5-9D11-84C7364EAA7B}"
EndProject
Project("{FAE04EC0-301F-11D3-BF4B-00C04F79EFBC}") = "Example001.Access.Customer.Interface", "Component\Access\Customer\Interface\Example001.Access.Customer.Interface.csproj", "{1D4B1499-92D0-486F-8E14-4AC6D70A4F4F}"
EndProject
Project("{FAE04EC0-301F-11D3-BF4B-00C04F79EFBC}") = "Example001.Access.Customer.Service", "Component\Access\Customer\Service\Example001.Access.Customer.Service.csproj", "{5126D2FD-1922-4359-A3E2-31C8756F8DF4}"
EndProject
Project("{2150E333-8FDC-42A3-9474-1A3956D46DE8}") = "Dapr", "Dapr", "{F4F39037-FEEC-453A-B20C-BF393FFEACF7}"
EndProject
Project("{FAE04EC0-301F-11D3-BF4B-00C04F79EFBC}") = "Example001.Host.Customer", "Host\Dapr\Customer\Example001.Host.Customer.csproj", "{F1FB2A52-508A-4342-82E5-B6D03D2E98A0}"
EndProject
Project("{FAE04EC0-301F-11D3-BF4B-00C04F79EFBC}") = "Example001.Host.Membership", "Host\Dapr\Membership\Example001.Host.Membership.csproj", "{B6F4B56B-AD87-41A6-97A7-25BBABF2E215}"
EndProject
Project("{FAE04EC0-301F-11D3-BF4B-00C04F79EFBC}") = "Example001.Host.TestClient", "Host\Dapr\TestClient\Example001.Host.TestClient.csproj", "{90EC16FF-62AA-4157-AC37-904ECF3DA4B3}"
EndProject
Project("{FAE04EC0-301F-11D3-BF4B-00C04F79EFBC}") = "Example001.iFx.Hosting.Dapr", "iFx\Hosting\Dapr\Example001.iFx.Hosting.Dapr.csproj", "{7579A731-7A64-4F58-A827-77EBABD8B06D}"
EndProject
Project("{2150E333-8FDC-42A3-9474-1A3956D46DE8}") = "Test", "Test", "{A6FFE3CE-9581-4B8D-A0AB-56DB06BC3DA3}"
EndProject
Project("{2150E333-8FDC-42A3-9474-1A3956D46DE8}") = "Unit", "Unit", "{0D413C01-77DA-4787-97A4-421C30C39FCA}"
EndProject
Project("{FAE04EC0-301F-11D3-BF4B-00C04F79EFBC}") = "Test.Unit.Membership", "Test\Unit\Membership\Test.Unit.Membership.csproj", "{27A57A28-F682-4182-8AE5-3ED582D22ECD}"
EndProject
Global
	GlobalSection(SolutionConfigurationPlatforms) = preSolution
		Debug|Any CPU = Debug|Any CPU
		Release|Any CPU = Release|Any CPU
	EndGlobalSection
	GlobalSection(SolutionProperties) = preSolution
		HideSolutionNode = FALSE
	EndGlobalSection
	GlobalSection(ProjectConfigurationPlatforms) = postSolution
		{E5DB5022-C378-4576-B82E-5B1F980B6223}.Debug|Any CPU.ActiveCfg = Debug|Any CPU
		{E5DB5022-C378-4576-B82E-5B1F980B6223}.Debug|Any CPU.Build.0 = Debug|Any CPU
		{E5DB5022-C378-4576-B82E-5B1F980B6223}.Release|Any CPU.ActiveCfg = Release|Any CPU
		{E5DB5022-C378-4576-B82E-5B1F980B6223}.Release|Any CPU.Build.0 = Release|Any CPU
		{E28C0C53-6392-4A10-B6AE-100C920E49CB}.Debug|Any CPU.ActiveCfg = Debug|Any CPU
		{E28C0C53-6392-4A10-B6AE-100C920E49CB}.Debug|Any CPU.Build.0 = Debug|Any CPU
		{E28C0C53-6392-4A10-B6AE-100C920E49CB}.Release|Any CPU.ActiveCfg = Release|Any CPU
		{E28C0C53-6392-4A10-B6AE-100C920E49CB}.Release|Any CPU.Build.0 = Release|Any CPU
		{A3DABC70-3752-4B87-9E19-249EB26A28EF}.Debug|Any CPU.ActiveCfg = Debug|Any CPU
		{A3DABC70-3752-4B87-9E19-249EB26A28EF}.Debug|Any CPU.Build.0 = Debug|Any CPU
		{A3DABC70-3752-4B87-9E19-249EB26A28EF}.Release|Any CPU.ActiveCfg = Release|Any CPU
		{A3DABC70-3752-4B87-9E19-249EB26A28EF}.Release|Any CPU.Build.0 = Release|Any CPU
		{263CB20D-5AE2-411D-8805-A517555B9209}.Debug|Any CPU.ActiveCfg = Debug|Any CPU
		{263CB20D-5AE2-411D-8805-A517555B9209}.Debug|Any CPU.Build.0 = Debug|Any CPU
		{263CB20D-5AE2-411D-8805-A517555B9209}.Release|Any CPU.ActiveCfg = Release|Any CPU
		{263CB20D-5AE2-411D-8805-A517555B9209}.Release|Any CPU.Build.0 = Release|Any CPU
		{4A949179-0BEF-46A8-9B1B-2E52FF43E5C4}.Debug|Any CPU.ActiveCfg = Debug|Any CPU
		{4A949179-0BEF-46A8-9B1B-2E52FF43E5C4}.Debug|Any CPU.Build.0 = Debug|Any CPU
		{4A949179-0BEF-46A8-9B1B-2E52FF43E5C4}.Release|Any CPU.ActiveCfg = Release|Any CPU
		{4A949179-0BEF-46A8-9B1B-2E52FF43E5C4}.Release|Any CPU.Build.0 = Release|Any CPU
		{8DE895BF-7C06-452C-BBBC-5CB3B41B97D9}.Debug|Any CPU.ActiveCfg = Debug|Any CPU
		{8DE895BF-7C06-452C-BBBC-5CB3B41B97D9}.Debug|Any CPU.Build.0 = Debug|Any CPU
		{8DE895BF-7C06-452C-BBBC-5CB3B41B97D9}.Release|Any CPU.ActiveCfg = Release|Any CPU
		{8DE895BF-7C06-452C-BBBC-5CB3B41B97D9}.Release|Any CPU.Build.0 = Release|Any CPU
		{4309B2A5-E675-4862-B45B-36FFC42D782B}.Debug|Any CPU.ActiveCfg = Debug|Any CPU
		{4309B2A5-E675-4862-B45B-36FFC42D782B}.Debug|Any CPU.Build.0 = Debug|Any CPU
		{4309B2A5-E675-4862-B45B-36FFC42D782B}.Release|Any CPU.ActiveCfg = Release|Any CPU
		{4309B2A5-E675-4862-B45B-36FFC42D782B}.Release|Any CPU.Build.0 = Release|Any CPU
		{FEB2DBF0-E137-4C9D-8EEF-AD1501D34459}.Debug|Any CPU.ActiveCfg = Debug|Any CPU
		{FEB2DBF0-E137-4C9D-8EEF-AD1501D34459}.Debug|Any CPU.Build.0 = Debug|Any CPU
		{FEB2DBF0-E137-4C9D-8EEF-AD1501D34459}.Release|Any CPU.ActiveCfg = Release|Any CPU
		{FEB2DBF0-E137-4C9D-8EEF-AD1501D34459}.Release|Any CPU.Build.0 = Release|Any CPU
		{1D4B1499-92D0-486F-8E14-4AC6D70A4F4F}.Debug|Any CPU.ActiveCfg = Debug|Any CPU
		{1D4B1499-92D0-486F-8E14-4AC6D70A4F4F}.Debug|Any CPU.Build.0 = Debug|Any CPU
		{1D4B1499-92D0-486F-8E14-4AC6D70A4F4F}.Release|Any CPU.ActiveCfg = Release|Any CPU
		{1D4B1499-92D0-486F-8E14-4AC6D70A4F4F}.Release|Any CPU.Build.0 = Release|Any CPU
		{5126D2FD-1922-4359-A3E2-31C8756F8DF4}.Debug|Any CPU.ActiveCfg = Debug|Any CPU
		{5126D2FD-1922-4359-A3E2-31C8756F8DF4}.Debug|Any CPU.Build.0 = Debug|Any CPU
		{5126D2FD-1922-4359-A3E2-31C8756F8DF4}.Release|Any CPU.ActiveCfg = Release|Any CPU
		{5126D2FD-1922-4359-A3E2-31C8756F8DF4}.Release|Any CPU.Build.0 = Release|Any CPU
		{F1FB2A52-508A-4342-82E5-B6D03D2E98A0}.Debug|Any CPU.ActiveCfg = Debug|Any CPU
		{F1FB2A52-508A-4342-82E5-B6D03D2E98A0}.Debug|Any CPU.Build.0 = Debug|Any CPU
		{F1FB2A52-508A-4342-82E5-B6D03D2E98A0}.Release|Any CPU.ActiveCfg = Release|Any CPU
		{F1FB2A52-508A-4342-82E5-B6D03D2E98A0}.Release|Any CPU.Build.0 = Release|Any CPU
		{B6F4B56B-AD87-41A6-97A7-25BBABF2E215}.Debug|Any CPU.ActiveCfg = Debug|Any CPU
		{B6F4B56B-AD87-41A6-97A7-25BBABF2E215}.Debug|Any CPU.Build.0 = Debug|Any CPU
		{B6F4B56B-AD87-41A6-97A7-25BBABF2E215}.Release|Any CPU.ActiveCfg = Release|Any CPU
		{B6F4B56B-AD87-41A6-97A7-25BBABF2E215}.Release|Any CPU.Build.0 = Release|Any CPU
		{90EC16FF-62AA-4157-AC37-904ECF3DA4B3}.Debug|Any CPU.ActiveCfg = Debug|Any CPU
		{90EC16FF-62AA-4157-AC37-904ECF3DA4B3}.Debug|Any CPU.Build.0 = Debug|Any CPU
		{90EC16FF-62AA-4157-AC37-904ECF3DA4B3}.Release|Any CPU.ActiveCfg = Release|Any CPU
		{90EC16FF-62AA-4157-AC37-904ECF3DA4B3}.Release|Any CPU.Build.0 = Release|Any CPU
		{7579A731-7A64-4F58-A827-77EBABD8B06D}.Debug|Any CPU.ActiveCfg = Debug|Any CPU
		{7579A731-7A64-4F58-A827-77EBABD8B06D}.Debug|Any CPU.Build.0 = Debug|Any CPU
		{7579A731-7A64-4F58-A827-77EBABD8B06D}.Release|Any CPU.ActiveCfg = Release|Any CPU
		{7579A731-7A64-4F58-A827-77EBABD8B06D}.Release|Any CPU.Build.0 = Release|Any CPU
		{27A57A28-F682-4182-8AE5-3ED582D22ECD}.Debug|Any CPU.ActiveCfg = Debug|Any CPU
		{27A57A28-F682-4182-8AE5-3ED582D22ECD}.Debug|Any CPU.Build.0 = Debug|Any CPU
		{27A57A28-F682-4182-8AE5-3ED582D22ECD}.Release|Any CPU.ActiveCfg = Release|Any CPU
		{27A57A28-F682-4182-8AE5-3ED582D22ECD}.Release|Any CPU.Build.0 = Release|Any CPU
	EndGlobalSection
	GlobalSection(NestedProjects) = preSolution
		{E5DB5022-C378-4576-B82E-5B1F980B6223} = {6B37085A-FDCC-4C18-AB85-C2BDF98E0C2A}
		{E28C0C53-6392-4A10-B6AE-100C920E49CB} = {A4F1AC55-B4CD-407D-A5D3-B9F09D827685}
		{A3DABC70-3752-4B87-9E19-249EB26A28EF} = {A4F1AC55-B4CD-407D-A5D3-B9F09D827685}
		{263CB20D-5AE2-411D-8805-A517555B9209} = {6B37085A-FDCC-4C18-AB85-C2BDF98E0C2A}
		{4A949179-0BEF-46A8-9B1B-2E52FF43E5C4} = {6B37085A-FDCC-4C18-AB85-C2BDF98E0C2A}
		{8DE895BF-7C06-452C-BBBC-5CB3B41B97D9} = {49A4A43F-CEF4-4BE2-A330-BFF8748591D2}
		{DA9BC31C-FF2E-4733-96B8-235CD4F94F7E} = {48D2CB6B-D9C3-431A-8E06-7E4464231BBE}
		{B80B4DF4-0CF7-4BBB-A517-D3A906BD7EF7} = {DA9BC31C-FF2E-4733-96B8-235CD4F94F7E}
		{4309B2A5-E675-4862-B45B-36FFC42D782B} = {B80B4DF4-0CF7-4BBB-A517-D3A906BD7EF7}
		{FEB2DBF0-E137-4C9D-8EEF-AD1501D34459} = {B80B4DF4-0CF7-4BBB-A517-D3A906BD7EF7}
		{BF3C9668-C6D8-490F-A67A-057CF348160E} = {48D2CB6B-D9C3-431A-8E06-7E4464231BBE}
		{05081461-A408-4CD5-9D11-84C7364EAA7B} = {BF3C9668-C6D8-490F-A67A-057CF348160E}
		{1D4B1499-92D0-486F-8E14-4AC6D70A4F4F} = {05081461-A408-4CD5-9D11-84C7364EAA7B}
		{5126D2FD-1922-4359-A3E2-31C8756F8DF4} = {05081461-A408-4CD5-9D11-84C7364EAA7B}
		{F4F39037-FEEC-453A-B20C-BF393FFEACF7} = {49A4A43F-CEF4-4BE2-A330-BFF8748591D2}
		{F1FB2A52-508A-4342-82E5-B6D03D2E98A0} = {F4F39037-FEEC-453A-B20C-BF393FFEACF7}
		{B6F4B56B-AD87-41A6-97A7-25BBABF2E215} = {F4F39037-FEEC-453A-B20C-BF393FFEACF7}
		{90EC16FF-62AA-4157-AC37-904ECF3DA4B3} = {F4F39037-FEEC-453A-B20C-BF393FFEACF7}
		{7579A731-7A64-4F58-A827-77EBABD8B06D} = {6B37085A-FDCC-4C18-AB85-C2BDF98E0C2A}
		{0D413C01-77DA-4787-97A4-421C30C39FCA} = {A6FFE3CE-9581-4B8D-A0AB-56DB06BC3DA3}
		{27A57A28-F682-4182-8AE5-3ED582D22ECD} = {0D413C01-77DA-4787-97A4-421C30C39FCA}
	EndGlobalSection
EndGlobal
