
Microsoft Visual Studio Solution File, Format Version 12.00
# Visual Studio Version 17
VisualStudioVersion = 17.0.31903.59
MinimumVisualStudioVersion = 10.0.40219.1
Project("{2150E333-8FDC-42A3-9474-1A3956D46DE8}") = "iFx", "iFx", "{44FED431-6A01-414B-A81B-1CF5538CF33F}"
EndProject
Project("{FAE04EC0-301F-11D3-BF4B-00C04F79EFBC}") = "Example101.iFx.Service", "iFx\Service\Example101.iFx.Service.csproj", "{ED6D54C0-C674-4BA5-AE83-9122936181D4}"
EndProject
Project("{2150E333-8FDC-42A3-9474-1A3956D46DE8}") = "Common", "Common", "{48389CA3-3845-46AE-AF29-19866D9B8375}"
EndProject
Project("{FAE04EC0-301F-11D3-BF4B-00C04F79EFBC}") = "Example101.Common.Contract", "Common\Contract\Example101.Common.Contract.csproj", "{FFA5B23A-6B61-44B5-8EC2-C9F10ED803EF}"
EndProject
Project("{FAE04EC0-301F-11D3-BF4B-00C04F79EFBC}") = "Example101.Common.Policy", "Common\Policy\Example101.Common.Policy.csproj", "{B6FC677F-E423-47AF-A2F0-14CAA3A2F714}"
EndProject
Project("{2150E333-8FDC-42A3-9474-1A3956D46DE8}") = "Hosting", "Hosting", "{16A9ECCD-596B-4D98-B002-07714A5852F9}"
EndProject
Project("{FAE04EC0-301F-11D3-BF4B-00C04F79EFBC}") = "Example101.iFx.Hosting.InProc", "iFx\Hosting\InProc\Example101.iFx.Hosting.InProc.csproj", "{0648E647-59AB-493F-A861-AFEDF7FE16D4}"
EndProject
Project("{FAE04EC0-301F-11D3-BF4B-00C04F79EFBC}") = "Example101.iFx.Proxy", "iFx\Proxy\Example101.iFx.Proxy.csproj", "{CC36633C-F90F-4E16-AE19-6AEE979F31EC}"
EndProject
Project("{2150E333-8FDC-42A3-9474-1A3956D46DE8}") = "Host", "Host", "{D1F1BF42-1AF7-4E03-8B13-175A7CA791F1}"
EndProject
Project("{2150E333-8FDC-42A3-9474-1A3956D46DE8}") = "Component", "Component", "{16D5375D-913F-4C04-B652-57FB9DDA2642}"
EndProject
Project("{2150E333-8FDC-42A3-9474-1A3956D46DE8}") = "Manager", "Manager", "{4C66DD09-688D-47C9-9950-5A410D014B50}"
EndProject
Project("{2150E333-8FDC-42A3-9474-1A3956D46DE8}") = "Phenonmenon", "Phenonmenon", "{0F3F392D-AB7B-489A-AC11-E880A5CB4A86}"
EndProject
Project("{FAE04EC0-301F-11D3-BF4B-00C04F79EFBC}") = "Example101.Manager.Phenonmenon.Interface", "Component\Manager\Phenonmenon\Interface\Example101.Manager.Phenonmenon.Interface.csproj", "{97474A71-CBDA-4338-9C51-C40ECDB75935}"
EndProject
Project("{FAE04EC0-301F-11D3-BF4B-00C04F79EFBC}") = "Example101.Manager.Phenonmenon.Service", "Component\Manager\Phenonmenon\Service\Example101.Manager.Phenonmenon.Service.csproj", "{E18F20C3-87E9-4890-98CC-A9A92351DD66}"
EndProject
Project("{2150E333-8FDC-42A3-9474-1A3956D46DE8}") = "Engine", "Engine", "{E3992693-42E1-4EF5-94BC-5FC50E344228}"
EndProject
Project("{2150E333-8FDC-42A3-9474-1A3956D46DE8}") = "Immitation", "Immitation", "{A5521E3E-A082-4CB1-BFEA-616F7862179F}"
EndProject
Project("{FAE04EC0-301F-11D3-BF4B-00C04F79EFBC}") = "Example101.Engine.Immitation.Interface", "Component\Engine\Immitation\Interface\Example101.Engine.Immitation.Interface.csproj", "{AC256BBC-0048-4B1F-8333-6A77D58E0924}"
EndProject
Project("{FAE04EC0-301F-11D3-BF4B-00C04F79EFBC}") = "Example101.Engine.Immitation.Service", "Component\Engine\Immitation\Service\Example101.Engine.Immitation.Service.csproj", "{697B8340-5DC7-4BB6-908F-B18EF8C71388}"
EndProject
Project("{2150E333-8FDC-42A3-9474-1A3956D46DE8}") = "Access", "Access", "{AA2BAFDF-2B92-4065-8BBB-343CB32FE9AE}"
EndProject
Project("{2150E333-8FDC-42A3-9474-1A3956D46DE8}") = "Entity", "Entity", "{057FB882-E9DE-4BFA-9DFB-A97E4AE70231}"
EndProject
Project("{FAE04EC0-301F-11D3-BF4B-00C04F79EFBC}") = "Example101.Access.Entity.Interface", "Component\Access\Entity\Interface\Example101.Access.Entity.Interface.csproj", "{382F90E3-4D2E-43D5-BCA6-3E1D9C6F142F}"
EndProject
Project("{FAE04EC0-301F-11D3-BF4B-00C04F79EFBC}") = "Example101.Access.Entity.Service", "Component\Access\Entity\Service\Example101.Access.Entity.Service.csproj", "{B762FB52-D3C9-4777-9E9D-00AAB93BECED}"
EndProject
Project("{2150E333-8FDC-42A3-9474-1A3956D46DE8}") = "Utility", "Utility", "{DE1EBDA5-7C87-43A5-9365-0C4188304E92}"
EndProject
Project("{2150E333-8FDC-42A3-9474-1A3956D46DE8}") = "Cache", "Cache", "{F0530237-80B1-4F37-B97F-BFE1EB379452}"
EndProject
Project("{FAE04EC0-301F-11D3-BF4B-00C04F79EFBC}") = "Example101.Utility.Cache.Interface", "Component\Utility\Cache\Interface\Example101.Utility.Cache.Interface.csproj", "{753B8D9F-3FFB-4A1A-964E-ECCC10FE29EB}"
EndProject
Project("{FAE04EC0-301F-11D3-BF4B-00C04F79EFBC}") = "Example101.Utility.Cache.Service", "Component\Utility\Cache\Service\Example101.Utility.Cache.Service.csproj", "{11F05AFB-342C-4EE3-ABA6-3B800B83E069}"
EndProject
Project("{FAE04EC0-301F-11D3-BF4B-00C04F79EFBC}") = "Example001.Host.Web", "Host\Web\Example001.Host.Web.csproj", "{BB11AE5D-07EE-4C22-9077-C4FC19D5DBFA}"
EndProject
Project("{2150E333-8FDC-42A3-9474-1A3956D46DE8}") = "Test", "Test", "{C6225BC9-57E1-4F5A-8AC3-3D77ACA867EA}"
EndProject
Project("{2150E333-8FDC-42A3-9474-1A3956D46DE8}") = "Unit", "Unit", "{2B159A60-B8B6-45FB-958A-B96D7F2006DE}"
EndProject
Project("{FAE04EC0-301F-11D3-BF4B-00C04F79EFBC}") = "Test.Unit.Phenonmenon", "Test\Unit\Phenonmenon\Test.Unit.Phenonmenon.csproj", "{97FA483D-706A-4C1C-83B4-D2C1B12160B5}"
EndProject
Global
	GlobalSection(SolutionConfigurationPlatforms) = preSolution
		Debug|Any CPU = Debug|Any CPU
		Release|Any CPU = Release|Any CPU
	EndGlobalSection
	GlobalSection(SolutionProperties) = preSolution
		HideSolutionNode = FALSE
	EndGlobalSection
	GlobalSection(ProjectConfigurationPlatforms) = postSolution
		{ED6D54C0-C674-4BA5-AE83-9122936181D4}.Debug|Any CPU.ActiveCfg = Debug|Any CPU
		{ED6D54C0-C674-4BA5-AE83-9122936181D4}.Debug|Any CPU.Build.0 = Debug|Any CPU
		{ED6D54C0-C674-4BA5-AE83-9122936181D4}.Release|Any CPU.ActiveCfg = Release|Any CPU
		{ED6D54C0-C674-4BA5-AE83-9122936181D4}.Release|Any CPU.Build.0 = Release|Any CPU
		{FFA5B23A-6B61-44B5-8EC2-C9F10ED803EF}.Debug|Any CPU.ActiveCfg = Debug|Any CPU
		{FFA5B23A-6B61-44B5-8EC2-C9F10ED803EF}.Debug|Any CPU.Build.0 = Debug|Any CPU
		{FFA5B23A-6B61-44B5-8EC2-C9F10ED803EF}.Release|Any CPU.ActiveCfg = Release|Any CPU
		{FFA5B23A-6B61-44B5-8EC2-C9F10ED803EF}.Release|Any CPU.Build.0 = Release|Any CPU
		{B6FC677F-E423-47AF-A2F0-14CAA3A2F714}.Debug|Any CPU.ActiveCfg = Debug|Any CPU
		{B6FC677F-E423-47AF-A2F0-14CAA3A2F714}.Debug|Any CPU.Build.0 = Debug|Any CPU
		{B6FC677F-E423-47AF-A2F0-14CAA3A2F714}.Release|Any CPU.ActiveCfg = Release|Any CPU
		{B6FC677F-E423-47AF-A2F0-14CAA3A2F714}.Release|Any CPU.Build.0 = Release|Any CPU
		{0648E647-59AB-493F-A861-AFEDF7FE16D4}.Debug|Any CPU.ActiveCfg = Debug|Any CPU
		{0648E647-59AB-493F-A861-AFEDF7FE16D4}.Debug|Any CPU.Build.0 = Debug|Any CPU
		{0648E647-59AB-493F-A861-AFEDF7FE16D4}.Release|Any CPU.ActiveCfg = Release|Any CPU
		{0648E647-59AB-493F-A861-AFEDF7FE16D4}.Release|Any CPU.Build.0 = Release|Any CPU
		{CC36633C-F90F-4E16-AE19-6AEE979F31EC}.Debug|Any CPU.ActiveCfg = Debug|Any CPU
		{CC36633C-F90F-4E16-AE19-6AEE979F31EC}.Debug|Any CPU.Build.0 = Debug|Any CPU
		{CC36633C-F90F-4E16-AE19-6AEE979F31EC}.Release|Any CPU.ActiveCfg = Release|Any CPU
		{CC36633C-F90F-4E16-AE19-6AEE979F31EC}.Release|Any CPU.Build.0 = Release|Any CPU
		{97474A71-CBDA-4338-9C51-C40ECDB75935}.Debug|Any CPU.ActiveCfg = Debug|Any CPU
		{97474A71-CBDA-4338-9C51-C40ECDB75935}.Debug|Any CPU.Build.0 = Debug|Any CPU
		{97474A71-CBDA-4338-9C51-C40ECDB75935}.Release|Any CPU.ActiveCfg = Release|Any CPU
		{97474A71-CBDA-4338-9C51-C40ECDB75935}.Release|Any CPU.Build.0 = Release|Any CPU
		{E18F20C3-87E9-4890-98CC-A9A92351DD66}.Debug|Any CPU.ActiveCfg = Debug|Any CPU
		{E18F20C3-87E9-4890-98CC-A9A92351DD66}.Debug|Any CPU.Build.0 = Debug|Any CPU
		{E18F20C3-87E9-4890-98CC-A9A92351DD66}.Release|Any CPU.ActiveCfg = Release|Any CPU
		{E18F20C3-87E9-4890-98CC-A9A92351DD66}.Release|Any CPU.Build.0 = Release|Any CPU
		{AC256BBC-0048-4B1F-8333-6A77D58E0924}.Debug|Any CPU.ActiveCfg = Debug|Any CPU
		{AC256BBC-0048-4B1F-8333-6A77D58E0924}.Debug|Any CPU.Build.0 = Debug|Any CPU
		{AC256BBC-0048-4B1F-8333-6A77D58E0924}.Release|Any CPU.ActiveCfg = Release|Any CPU
		{AC256BBC-0048-4B1F-8333-6A77D58E0924}.Release|Any CPU.Build.0 = Release|Any CPU
		{697B8340-5DC7-4BB6-908F-B18EF8C71388}.Debug|Any CPU.ActiveCfg = Debug|Any CPU
		{697B8340-5DC7-4BB6-908F-B18EF8C71388}.Debug|Any CPU.Build.0 = Debug|Any CPU
		{697B8340-5DC7-4BB6-908F-B18EF8C71388}.Release|Any CPU.ActiveCfg = Release|Any CPU
		{697B8340-5DC7-4BB6-908F-B18EF8C71388}.Release|Any CPU.Build.0 = Release|Any CPU
		{382F90E3-4D2E-43D5-BCA6-3E1D9C6F142F}.Debug|Any CPU.ActiveCfg = Debug|Any CPU
		{382F90E3-4D2E-43D5-BCA6-3E1D9C6F142F}.Debug|Any CPU.Build.0 = Debug|Any CPU
		{382F90E3-4D2E-43D5-BCA6-3E1D9C6F142F}.Release|Any CPU.ActiveCfg = Release|Any CPU
		{382F90E3-4D2E-43D5-BCA6-3E1D9C6F142F}.Release|Any CPU.Build.0 = Release|Any CPU
		{B762FB52-D3C9-4777-9E9D-00AAB93BECED}.Debug|Any CPU.ActiveCfg = Debug|Any CPU
		{B762FB52-D3C9-4777-9E9D-00AAB93BECED}.Debug|Any CPU.Build.0 = Debug|Any CPU
		{B762FB52-D3C9-4777-9E9D-00AAB93BECED}.Release|Any CPU.ActiveCfg = Release|Any CPU
		{B762FB52-D3C9-4777-9E9D-00AAB93BECED}.Release|Any CPU.Build.0 = Release|Any CPU
		{753B8D9F-3FFB-4A1A-964E-ECCC10FE29EB}.Debug|Any CPU.ActiveCfg = Debug|Any CPU
		{753B8D9F-3FFB-4A1A-964E-ECCC10FE29EB}.Debug|Any CPU.Build.0 = Debug|Any CPU
		{753B8D9F-3FFB-4A1A-964E-ECCC10FE29EB}.Release|Any CPU.ActiveCfg = Release|Any CPU
		{753B8D9F-3FFB-4A1A-964E-ECCC10FE29EB}.Release|Any CPU.Build.0 = Release|Any CPU
		{11F05AFB-342C-4EE3-ABA6-3B800B83E069}.Debug|Any CPU.ActiveCfg = Debug|Any CPU
		{11F05AFB-342C-4EE3-ABA6-3B800B83E069}.Debug|Any CPU.Build.0 = Debug|Any CPU
		{11F05AFB-342C-4EE3-ABA6-3B800B83E069}.Release|Any CPU.ActiveCfg = Release|Any CPU
		{11F05AFB-342C-4EE3-ABA6-3B800B83E069}.Release|Any CPU.Build.0 = Release|Any CPU
		{BB11AE5D-07EE-4C22-9077-C4FC19D5DBFA}.Debug|Any CPU.ActiveCfg = Debug|Any CPU
		{BB11AE5D-07EE-4C22-9077-C4FC19D5DBFA}.Debug|Any CPU.Build.0 = Debug|Any CPU
		{BB11AE5D-07EE-4C22-9077-C4FC19D5DBFA}.Release|Any CPU.ActiveCfg = Release|Any CPU
		{BB11AE5D-07EE-4C22-9077-C4FC19D5DBFA}.Release|Any CPU.Build.0 = Release|Any CPU
		{97FA483D-706A-4C1C-83B4-D2C1B12160B5}.Debug|Any CPU.ActiveCfg = Debug|Any CPU
		{97FA483D-706A-4C1C-83B4-D2C1B12160B5}.Debug|Any CPU.Build.0 = Debug|Any CPU
		{97FA483D-706A-4C1C-83B4-D2C1B12160B5}.Release|Any CPU.ActiveCfg = Release|Any CPU
		{97FA483D-706A-4C1C-83B4-D2C1B12160B5}.Release|Any CPU.Build.0 = Release|Any CPU
	EndGlobalSection
	GlobalSection(NestedProjects) = preSolution
		{ED6D54C0-C674-4BA5-AE83-9122936181D4} = {44FED431-6A01-414B-A81B-1CF5538CF33F}
		{FFA5B23A-6B61-44B5-8EC2-C9F10ED803EF} = {48389CA3-3845-46AE-AF29-19866D9B8375}
		{B6FC677F-E423-47AF-A2F0-14CAA3A2F714} = {48389CA3-3845-46AE-AF29-19866D9B8375}
		{16A9ECCD-596B-4D98-B002-07714A5852F9} = {44FED431-6A01-414B-A81B-1CF5538CF33F}
		{0648E647-59AB-493F-A861-AFEDF7FE16D4} = {16A9ECCD-596B-4D98-B002-07714A5852F9}
		{CC36633C-F90F-4E16-AE19-6AEE979F31EC} = {44FED431-6A01-414B-A81B-1CF5538CF33F}
		{4C66DD09-688D-47C9-9950-5A410D014B50} = {16D5375D-913F-4C04-B652-57FB9DDA2642}
		{0F3F392D-AB7B-489A-AC11-E880A5CB4A86} = {4C66DD09-688D-47C9-9950-5A410D014B50}
		{97474A71-CBDA-4338-9C51-C40ECDB75935} = {0F3F392D-AB7B-489A-AC11-E880A5CB4A86}
		{E18F20C3-87E9-4890-98CC-A9A92351DD66} = {0F3F392D-AB7B-489A-AC11-E880A5CB4A86}
		{E3992693-42E1-4EF5-94BC-5FC50E344228} = {16D5375D-913F-4C04-B652-57FB9DDA2642}
		{A5521E3E-A082-4CB1-BFEA-616F7862179F} = {E3992693-42E1-4EF5-94BC-5FC50E344228}
		{AC256BBC-0048-4B1F-8333-6A77D58E0924} = {A5521E3E-A082-4CB1-BFEA-616F7862179F}
		{697B8340-5DC7-4BB6-908F-B18EF8C71388} = {A5521E3E-A082-4CB1-BFEA-616F7862179F}
		{AA2BAFDF-2B92-4065-8BBB-343CB32FE9AE} = {16D5375D-913F-4C04-B652-57FB9DDA2642}
		{057FB882-E9DE-4BFA-9DFB-A97E4AE70231} = {AA2BAFDF-2B92-4065-8BBB-343CB32FE9AE}
		{382F90E3-4D2E-43D5-BCA6-3E1D9C6F142F} = {057FB882-E9DE-4BFA-9DFB-A97E4AE70231}
		{B762FB52-D3C9-4777-9E9D-00AAB93BECED} = {057FB882-E9DE-4BFA-9DFB-A97E4AE70231}
		{DE1EBDA5-7C87-43A5-9365-0C4188304E92} = {16D5375D-913F-4C04-B652-57FB9DDA2642}
		{F0530237-80B1-4F37-B97F-BFE1EB379452} = {DE1EBDA5-7C87-43A5-9365-0C4188304E92}
		{753B8D9F-3FFB-4A1A-964E-ECCC10FE29EB} = {F0530237-80B1-4F37-B97F-BFE1EB379452}
		{11F05AFB-342C-4EE3-ABA6-3B800B83E069} = {F0530237-80B1-4F37-B97F-BFE1EB379452}
		{BB11AE5D-07EE-4C22-9077-C4FC19D5DBFA} = {D1F1BF42-1AF7-4E03-8B13-175A7CA791F1}
		{2B159A60-B8B6-45FB-958A-B96D7F2006DE} = {C6225BC9-57E1-4F5A-8AC3-3D77ACA867EA}
		{97FA483D-706A-4C1C-83B4-D2C1B12160B5} = {2B159A60-B8B6-45FB-958A-B96D7F2006DE}
	EndGlobalSection
EndGlobal
